
Microsoft Visual Studio Solution File, Format Version 12.00
# Visual Studio Version 17
VisualStudioVersion = 17.10.35201.131
MinimumVisualStudioVersion = 10.0.40219.1
Project("{FAE04EC0-301F-11D3-BF4B-00C04F79EFBC}") = "Controlo", "Controlo\Controlo.csproj", "{C5F392EF-25CA-47B2-BB49-CB0451B6F636}"
EndProject
Global
	GlobalSection(SolutionConfigurationPlatforms) = preSolution
		Debug|Any CPU = Debug|Any CPU
		Release|Any CPU = Release|Any CPU
	EndGlobalSection
	GlobalSection(ProjectConfigurationPlatforms) = postSolution
		{C5F392EF-25CA-47B2-BB49-CB0451B6F636}.Debug|Any CPU.ActiveCfg = Debug|Any CPU
		{C5F392EF-25CA-47B2-BB49-CB0451B6F636}.Debug|Any CPU.Build.0 = Debug|Any CPU
		{C5F392EF-25CA-47B2-BB49-CB0451B6F636}.Release|Any CPU.ActiveCfg = Release|Any CPU
		{C5F392EF-25CA-47B2-BB49-CB0451B6F636}.Release|Any CPU.Build.0 = Release|Any CPU
	EndGlobalSection
	GlobalSection(SolutionProperties) = preSolution
		HideSolutionNode = FALSE
	EndGlobalSection
	GlobalSection(ExtensibilityGlobals) = postSolution
		SolutionGuid = {69D7E436-80D6-4D73-A45F-C036B4031D45}
	EndGlobalSection
EndGlobal
